
Microsoft Visual Studio Solution File, Format Version 12.00
# Visual Studio Version 16
VisualStudioVersion = 16.0.30907.101
MinimumVisualStudioVersion = 10.0.40219.1
Project("{8BC9CEB8-8B4A-11D0-8D11-00A0C91BC942}") = "GAME1011_Lab1", "GAME1011_Lab1\GAME1011_Lab1.vcxproj", "{939AC96F-0552-4C0D-B3AC-D82FA33D1792}"
EndProject
Project("{8BC9CEB8-8B4A-11D0-8D11-00A0C91BC942}") = "GAME1011_Lab2", "GAME1011_Lab2\GAME1011_Lab2.vcxproj", "{DC313B4D-F670-4088-A4F0-86DA8831283D}"
EndProject
Global
	GlobalSection(SolutionConfigurationPlatforms) = preSolution
		Debug|x64 = Debug|x64
		Debug|x86 = Debug|x86
		Release|x64 = Release|x64
		Release|x86 = Release|x86
	EndGlobalSection
	GlobalSection(ProjectConfigurationPlatforms) = postSolution
		{939AC96F-0552-4C0D-B3AC-D82FA33D1792}.Debug|x64.ActiveCfg = Debug|x64
		{939AC96F-0552-4C0D-B3AC-D82FA33D1792}.Debug|x64.Build.0 = Debug|x64
		{939AC96F-0552-4C0D-B3AC-D82FA33D1792}.Debug|x86.ActiveCfg = Debug|Win32
		{939AC96F-0552-4C0D-B3AC-D82FA33D1792}.Debug|x86.Build.0 = Debug|Win32
		{939AC96F-0552-4C0D-B3AC-D82FA33D1792}.Release|x64.ActiveCfg = Release|x64
		{939AC96F-0552-4C0D-B3AC-D82FA33D1792}.Release|x64.Build.0 = Release|x64
		{939AC96F-0552-4C0D-B3AC-D82FA33D1792}.Release|x86.ActiveCfg = Release|Win32
		{939AC96F-0552-4C0D-B3AC-D82FA33D1792}.Release|x86.Build.0 = Release|Win32
		{DC313B4D-F670-4088-A4F0-86DA8831283D}.Debug|x64.ActiveCfg = Debug|x64
		{DC313B4D-F670-4088-A4F0-86DA8831283D}.Debug|x64.Build.0 = Debug|x64
		{DC313B4D-F670-4088-A4F0-86DA8831283D}.Debug|x86.ActiveCfg = Debug|Win32
		{DC313B4D-F670-4088-A4F0-86DA8831283D}.Debug|x86.Build.0 = Debug|Win32
		{DC313B4D-F670-4088-A4F0-86DA8831283D}.Release|x64.ActiveCfg = Release|x64
		{DC313B4D-F670-4088-A4F0-86DA8831283D}.Release|x64.Build.0 = Release|x64
		{DC313B4D-F670-4088-A4F0-86DA8831283D}.Release|x86.ActiveCfg = Release|Win32
		{DC313B4D-F670-4088-A4F0-86DA8831283D}.Release|x86.Build.0 = Release|Win32
	EndGlobalSection
	GlobalSection(SolutionProperties) = preSolution
		HideSolutionNode = FALSE
	EndGlobalSection
	GlobalSection(ExtensibilityGlobals) = postSolution
		SolutionGuid = {6D64F486-DED6-44CF-AB1A-80275281E2F4}
	EndGlobalSection
EndGlobal
